
Microsoft Visual Studio Solution File, Format Version 12.00
# Visual Studio Version 16
VisualStudioVersion = 16.0.29609.76
MinimumVisualStudioVersion = 10.0.40219.1
Project("{FAE04EC0-301F-11D3-BF4B-00C04F79EFBC}") = "VapeShop SkillPropil", "VapeShop SkillPropil.csproj", "{D4EA7BA7-9EF0-430E-8C6D-84ED7D875E06}"
EndProject
Global
	GlobalSection(SolutionConfigurationPlatforms) = preSolution
		Debug|Any CPU = Debug|Any CPU
		Release|Any CPU = Release|Any CPU
	EndGlobalSection
	GlobalSection(ProjectConfigurationPlatforms) = postSolution
		{D4EA7BA7-9EF0-430E-8C6D-84ED7D875E06}.Debug|Any CPU.ActiveCfg = Debug|Any CPU
		{D4EA7BA7-9EF0-430E-8C6D-84ED7D875E06}.Debug|Any CPU.Build.0 = Debug|Any CPU
		{D4EA7BA7-9EF0-430E-8C6D-84ED7D875E06}.Release|Any CPU.ActiveCfg = Release|Any CPU
		{D4EA7BA7-9EF0-430E-8C6D-84ED7D875E06}.Release|Any CPU.Build.0 = Release|Any CPU
	EndGlobalSection
	GlobalSection(SolutionProperties) = preSolution
		HideSolutionNode = FALSE
	EndGlobalSection
	GlobalSection(ExtensibilityGlobals) = postSolution
		SolutionGuid = {EF1400C5-3C67-49B6-9C6C-691DEDC13B66}
	EndGlobalSection
EndGlobal
